
Microsoft Visual Studio Solution File, Format Version 11.00
# Visual Studio 2010
Project("{4925A630-B079-445d-BCD4-3A9C94FE9307}") = "FSharpXamarin.Droid", "src\FSharpXamarin.Droid\FSharpXamarin.Droid.fsproj", "{F921CBE5-1203-4388-B5B9-E1705805D9DB}"
EndProject
Project("{4925A630-B079-445d-BCD4-3A9C94FE9307}") = "FSharpXamarin.Core", "src\FSharpXamarin.Core\FSharpXamarin.Core.fsproj", "{8C288181-F0A1-452F-B31C-2499187D087F}"
EndProject
Project("{4925A630-B079-445d-BCD4-3A9C94FE9307}") = "FSharpXamarin.iOS", "src\FSharpXamarin.iOS\FSharpXamarin.iOS.fsproj", "{573BFB64-FF8D-4A23-806E-37C963418725}"
EndProject
Global
	GlobalSection(SolutionConfigurationPlatforms) = preSolution
		Debug|iPhoneSimulator = Debug|iPhoneSimulator
		Release|iPhoneSimulator = Release|iPhoneSimulator
		Debug|iPhone = Debug|iPhone
		Release|iPhone = Release|iPhone
		Ad-Hoc|iPhone = Ad-Hoc|iPhone
		AppStore|iPhone = AppStore|iPhone
	EndGlobalSection
	GlobalSection(ProjectConfigurationPlatforms) = postSolution
		{573BFB64-FF8D-4A23-806E-37C963418725}.Ad-Hoc|iPhone.ActiveCfg = Ad-Hoc|iPhone
		{573BFB64-FF8D-4A23-806E-37C963418725}.Ad-Hoc|iPhone.Build.0 = Ad-Hoc|iPhone
		{573BFB64-FF8D-4A23-806E-37C963418725}.AppStore|iPhone.ActiveCfg = AppStore|iPhone
		{573BFB64-FF8D-4A23-806E-37C963418725}.AppStore|iPhone.Build.0 = AppStore|iPhone
		{573BFB64-FF8D-4A23-806E-37C963418725}.Debug|iPhone.ActiveCfg = Debug|iPhone
		{573BFB64-FF8D-4A23-806E-37C963418725}.Debug|iPhone.Build.0 = Debug|iPhone
		{573BFB64-FF8D-4A23-806E-37C963418725}.Debug|iPhoneSimulator.ActiveCfg = Debug|iPhoneSimulator
		{573BFB64-FF8D-4A23-806E-37C963418725}.Debug|iPhoneSimulator.Build.0 = Debug|iPhoneSimulator
		{573BFB64-FF8D-4A23-806E-37C963418725}.Release|iPhone.ActiveCfg = Release|iPhone
		{573BFB64-FF8D-4A23-806E-37C963418725}.Release|iPhone.Build.0 = Release|iPhone
		{573BFB64-FF8D-4A23-806E-37C963418725}.Release|iPhoneSimulator.ActiveCfg = Release|iPhoneSimulator
		{573BFB64-FF8D-4A23-806E-37C963418725}.Release|iPhoneSimulator.Build.0 = Release|iPhoneSimulator
		{8C288181-F0A1-452F-B31C-2499187D087F}.Ad-Hoc|iPhone.ActiveCfg = Release|Any CPU
		{8C288181-F0A1-452F-B31C-2499187D087F}.Ad-Hoc|iPhone.Build.0 = Release|Any CPU
		{8C288181-F0A1-452F-B31C-2499187D087F}.AppStore|iPhone.ActiveCfg = Release|Any CPU
		{8C288181-F0A1-452F-B31C-2499187D087F}.AppStore|iPhone.Build.0 = Release|Any CPU
		{8C288181-F0A1-452F-B31C-2499187D087F}.Debug|iPhone.ActiveCfg = Debug|Any CPU
		{8C288181-F0A1-452F-B31C-2499187D087F}.Debug|iPhone.Build.0 = Debug|Any CPU
		{8C288181-F0A1-452F-B31C-2499187D087F}.Debug|iPhoneSimulator.ActiveCfg = Debug|Any CPU
		{8C288181-F0A1-452F-B31C-2499187D087F}.Debug|iPhoneSimulator.Build.0 = Debug|Any CPU
		{8C288181-F0A1-452F-B31C-2499187D087F}.Release|iPhone.ActiveCfg = Release|Any CPU
		{8C288181-F0A1-452F-B31C-2499187D087F}.Release|iPhone.Build.0 = Release|Any CPU
		{8C288181-F0A1-452F-B31C-2499187D087F}.Release|iPhoneSimulator.ActiveCfg = Release|Any CPU
		{8C288181-F0A1-452F-B31C-2499187D087F}.Release|iPhoneSimulator.Build.0 = Release|Any CPU
		{F921CBE5-1203-4388-B5B9-E1705805D9DB}.Ad-Hoc|iPhone.ActiveCfg = Release|Any CPU
		{F921CBE5-1203-4388-B5B9-E1705805D9DB}.Ad-Hoc|iPhone.Build.0 = Release|Any CPU
		{F921CBE5-1203-4388-B5B9-E1705805D9DB}.AppStore|iPhone.ActiveCfg = Release|Any CPU
		{F921CBE5-1203-4388-B5B9-E1705805D9DB}.AppStore|iPhone.Build.0 = Release|Any CPU
		{F921CBE5-1203-4388-B5B9-E1705805D9DB}.Debug|iPhone.ActiveCfg = Debug|Any CPU
		{F921CBE5-1203-4388-B5B9-E1705805D9DB}.Debug|iPhone.Build.0 = Debug|Any CPU
		{F921CBE5-1203-4388-B5B9-E1705805D9DB}.Debug|iPhoneSimulator.ActiveCfg = Debug|Any CPU
		{F921CBE5-1203-4388-B5B9-E1705805D9DB}.Debug|iPhoneSimulator.Build.0 = Debug|Any CPU
		{F921CBE5-1203-4388-B5B9-E1705805D9DB}.Release|iPhone.ActiveCfg = Release|Any CPU
		{F921CBE5-1203-4388-B5B9-E1705805D9DB}.Release|iPhone.Build.0 = Release|Any CPU
		{F921CBE5-1203-4388-B5B9-E1705805D9DB}.Release|iPhoneSimulator.ActiveCfg = Release|Any CPU
		{F921CBE5-1203-4388-B5B9-E1705805D9DB}.Release|iPhoneSimulator.Build.0 = Release|Any CPU
	EndGlobalSection
	GlobalSection(MonoDevelopProperties) = preSolution
		StartupItem = src\FSharpXamarin.iOS\FSharpXamarin.iOS.fsproj
	EndGlobalSection
EndGlobal
